
Microsoft Visual Studio Solution File, Format Version 12.00
# Visual Studio Version 16
VisualStudioVersion = 16.0.29324.140
MinimumVisualStudioVersion = 10.0.40219.1
Project("{FAE04EC0-301F-11D3-BF4B-00C04F79EFBC}") = "Ex04.Menus.Test", "Ex04.Menus.Test\Ex04.Menus.Test.csproj", "{0BA5B057-4E96-44B2-A749-0FE95A8CDC9F}"
EndProject
Project("{FAE04EC0-301F-11D3-BF4B-00C04F79EFBC}") = "Ex04.Menus.Events", "Ex04.Menus.Events\Ex04.Menus.Events.csproj", "{650E6472-F620-4D59-9560-093926A9066C}"
EndProject
Project("{FAE04EC0-301F-11D3-BF4B-00C04F79EFBC}") = "Ex04.Menus.Interfaces", "Ex04.Menus.Interfaces\Ex04.Menus.Interfaces.csproj", "{A4FCD550-D199-4691-A501-B9CB69A3A5D0}"
EndProject
Global
	GlobalSection(SolutionConfigurationPlatforms) = preSolution
		Debug|Any CPU = Debug|Any CPU
		Release|Any CPU = Release|Any CPU
	EndGlobalSection
	GlobalSection(ProjectConfigurationPlatforms) = postSolution
		{0BA5B057-4E96-44B2-A749-0FE95A8CDC9F}.Debug|Any CPU.ActiveCfg = Debug|Any CPU
		{0BA5B057-4E96-44B2-A749-0FE95A8CDC9F}.Debug|Any CPU.Build.0 = Debug|Any CPU
		{0BA5B057-4E96-44B2-A749-0FE95A8CDC9F}.Release|Any CPU.ActiveCfg = Release|Any CPU
		{0BA5B057-4E96-44B2-A749-0FE95A8CDC9F}.Release|Any CPU.Build.0 = Release|Any CPU
		{650E6472-F620-4D59-9560-093926A9066C}.Debug|Any CPU.ActiveCfg = Debug|Any CPU
		{650E6472-F620-4D59-9560-093926A9066C}.Debug|Any CPU.Build.0 = Debug|Any CPU
		{650E6472-F620-4D59-9560-093926A9066C}.Release|Any CPU.ActiveCfg = Release|Any CPU
		{650E6472-F620-4D59-9560-093926A9066C}.Release|Any CPU.Build.0 = Release|Any CPU
		{A4FCD550-D199-4691-A501-B9CB69A3A5D0}.Debug|Any CPU.ActiveCfg = Debug|Any CPU
		{A4FCD550-D199-4691-A501-B9CB69A3A5D0}.Debug|Any CPU.Build.0 = Debug|Any CPU
		{A4FCD550-D199-4691-A501-B9CB69A3A5D0}.Release|Any CPU.ActiveCfg = Release|Any CPU
		{A4FCD550-D199-4691-A501-B9CB69A3A5D0}.Release|Any CPU.Build.0 = Release|Any CPU
	EndGlobalSection
	GlobalSection(SolutionProperties) = preSolution
		HideSolutionNode = FALSE
	EndGlobalSection
	GlobalSection(ExtensibilityGlobals) = postSolution
		SolutionGuid = {D594C167-6463-4A07-806E-427C798A2010}
	EndGlobalSection
EndGlobal
